{
  "requires": true,
  "lockfileVersion": 1,
  "dependencies": {
    "plate-number": {
      "version": "1.0.0",
      "resolved": "https://registry.npmjs.org/plate-number/-/plate-number-1.0.0.tgz",
      "integrity": "sha512-IxQenVpKYrg4A2a3XLFnRmLTw+H/7cWqvkG4bj60Z2X5ECIf3MbmMxxI1CqaP3NZ3D3h6dtWW6PZBtyXnVL+5A=="
    }
  }
}
